
Microsoft Visual Studio Solution File, Format Version 11.00
# Visual Studio 2010
Project("{FAE04EC0-301F-11D3-BF4B-00C04F79EFBC}") = "Stoffi on Windows", "GUI\Stoffi on Windows.csproj", "{58D25A22-7243-4D55-84DC-C545C079DC03}"
EndProject
Project("{54435603-DBB4-11D2-8724-00A0C9A8B90C}") = "Installer", "Installer\Installer.vdproj", "{C9753DF4-362B-4456-BC20-128F8EF08F90}"
EndProject
Project("{FAE04EC0-301F-11D3-BF4B-00C04F79EFBC}") = "Stoffi Player Core", "Core\Stoffi Player Core.csproj", "{F5B6E91A-6A1E-41BA-B27E-EB884CB67969}"
EndProject
Project("{FAE04EC0-301F-11D3-BF4B-00C04F79EFBC}") = "Stoffi Player Plugin", "Core\Vendor\PluginAPI\Stoffi Player Plugin.csproj", "{93A30BAD-6826-47A7-AE2A-C6DB85ACCD9E}"
EndProject
Global
	GlobalSection(SolutionConfigurationPlatforms) = preSolution
		Debug|Any CPU = Debug|Any CPU
		Debug|Mixed Platforms = Debug|Mixed Platforms
		Debug|x86 = Debug|x86
		Release|Any CPU = Release|Any CPU
		Release|Mixed Platforms = Release|Mixed Platforms
		Release|x86 = Release|x86
	EndGlobalSection
	GlobalSection(ProjectConfigurationPlatforms) = postSolution
		{58D25A22-7243-4D55-84DC-C545C079DC03}.Debug|Any CPU.ActiveCfg = Debug|x86
		{58D25A22-7243-4D55-84DC-C545C079DC03}.Debug|Mixed Platforms.ActiveCfg = Debug|x86
		{58D25A22-7243-4D55-84DC-C545C079DC03}.Debug|Mixed Platforms.Build.0 = Debug|x86
		{58D25A22-7243-4D55-84DC-C545C079DC03}.Debug|x86.ActiveCfg = Debug|x86
		{58D25A22-7243-4D55-84DC-C545C079DC03}.Debug|x86.Build.0 = Debug|x86
		{58D25A22-7243-4D55-84DC-C545C079DC03}.Release|Any CPU.ActiveCfg = Release|x86
		{58D25A22-7243-4D55-84DC-C545C079DC03}.Release|Mixed Platforms.ActiveCfg = Release|x86
		{58D25A22-7243-4D55-84DC-C545C079DC03}.Release|Mixed Platforms.Build.0 = Release|x86
		{58D25A22-7243-4D55-84DC-C545C079DC03}.Release|x86.ActiveCfg = Release|x86
		{58D25A22-7243-4D55-84DC-C545C079DC03}.Release|x86.Build.0 = Release|x86
		{C9753DF4-362B-4456-BC20-128F8EF08F90}.Debug|Any CPU.ActiveCfg = Debug
		{C9753DF4-362B-4456-BC20-128F8EF08F90}.Debug|Mixed Platforms.ActiveCfg = Debug
		{C9753DF4-362B-4456-BC20-128F8EF08F90}.Debug|x86.ActiveCfg = Debug
		{C9753DF4-362B-4456-BC20-128F8EF08F90}.Release|Any CPU.ActiveCfg = Release
		{C9753DF4-362B-4456-BC20-128F8EF08F90}.Release|Mixed Platforms.ActiveCfg = Release
		{C9753DF4-362B-4456-BC20-128F8EF08F90}.Release|x86.ActiveCfg = Release
		{F5B6E91A-6A1E-41BA-B27E-EB884CB67969}.Debug|Any CPU.ActiveCfg = Debug|Any CPU
		{F5B6E91A-6A1E-41BA-B27E-EB884CB67969}.Debug|Any CPU.Build.0 = Debug|Any CPU
		{F5B6E91A-6A1E-41BA-B27E-EB884CB67969}.Debug|Mixed Platforms.ActiveCfg = Debug|Any CPU
		{F5B6E91A-6A1E-41BA-B27E-EB884CB67969}.Debug|Mixed Platforms.Build.0 = Debug|Any CPU
		{F5B6E91A-6A1E-41BA-B27E-EB884CB67969}.Debug|x86.ActiveCfg = Debug|Any CPU
		{F5B6E91A-6A1E-41BA-B27E-EB884CB67969}.Debug|x86.Build.0 = Debug|Any CPU
		{F5B6E91A-6A1E-41BA-B27E-EB884CB67969}.Release|Any CPU.ActiveCfg = Release|Any CPU
		{F5B6E91A-6A1E-41BA-B27E-EB884CB67969}.Release|Any CPU.Build.0 = Release|Any CPU
		{F5B6E91A-6A1E-41BA-B27E-EB884CB67969}.Release|Mixed Platforms.ActiveCfg = Release|Any CPU
		{F5B6E91A-6A1E-41BA-B27E-EB884CB67969}.Release|Mixed Platforms.Build.0 = Release|Any CPU
		{F5B6E91A-6A1E-41BA-B27E-EB884CB67969}.Release|x86.ActiveCfg = Release|Any CPU
		{93A30BAD-6826-47A7-AE2A-C6DB85ACCD9E}.Debug|Any CPU.ActiveCfg = Debug|Any CPU
		{93A30BAD-6826-47A7-AE2A-C6DB85ACCD9E}.Debug|Any CPU.Build.0 = Debug|Any CPU
		{93A30BAD-6826-47A7-AE2A-C6DB85ACCD9E}.Debug|Mixed Platforms.ActiveCfg = Debug|Any CPU
		{93A30BAD-6826-47A7-AE2A-C6DB85ACCD9E}.Debug|Mixed Platforms.Build.0 = Debug|Any CPU
		{93A30BAD-6826-47A7-AE2A-C6DB85ACCD9E}.Debug|x86.ActiveCfg = Debug|Any CPU
		{93A30BAD-6826-47A7-AE2A-C6DB85ACCD9E}.Release|Any CPU.ActiveCfg = Release|Any CPU
		{93A30BAD-6826-47A7-AE2A-C6DB85ACCD9E}.Release|Any CPU.Build.0 = Release|Any CPU
		{93A30BAD-6826-47A7-AE2A-C6DB85ACCD9E}.Release|Mixed Platforms.ActiveCfg = Release|Any CPU
		{93A30BAD-6826-47A7-AE2A-C6DB85ACCD9E}.Release|Mixed Platforms.Build.0 = Release|Any CPU
		{93A30BAD-6826-47A7-AE2A-C6DB85ACCD9E}.Release|x86.ActiveCfg = Release|Any CPU
	EndGlobalSection
	GlobalSection(SolutionProperties) = preSolution
		HideSolutionNode = FALSE
	EndGlobalSection
EndGlobal
