
Microsoft Visual Studio Solution File, Format Version 12.00
# Visual Studio 14
VisualStudioVersion = 14.0.22823.1
MinimumVisualStudioVersion = 10.0.40219.1
Project("{FAE04EC0-301F-11D3-BF4B-00C04F79EFBC}") = "Stoffi", "Stoffi.csproj", "{248F9022-46EB-4322-8C80-15ABF9C382CC}"
EndProject
Global
	GlobalSection(SolutionConfigurationPlatforms) = preSolution
		Debug|ARM = Debug|ARM
		Debug|x64 = Debug|x64
		Debug|x86 = Debug|x86
		Release|ARM = Release|ARM
		Release|x64 = Release|x64
		Release|x86 = Release|x86
	EndGlobalSection
	GlobalSection(ProjectConfigurationPlatforms) = postSolution
		{248F9022-46EB-4322-8C80-15ABF9C382CC}.Debug|ARM.ActiveCfg = Debug|ARM
		{248F9022-46EB-4322-8C80-15ABF9C382CC}.Debug|ARM.Build.0 = Debug|ARM
		{248F9022-46EB-4322-8C80-15ABF9C382CC}.Debug|ARM.Deploy.0 = Debug|ARM
		{248F9022-46EB-4322-8C80-15ABF9C382CC}.Debug|x64.ActiveCfg = Debug|x64
		{248F9022-46EB-4322-8C80-15ABF9C382CC}.Debug|x64.Build.0 = Debug|x64
		{248F9022-46EB-4322-8C80-15ABF9C382CC}.Debug|x64.Deploy.0 = Debug|x64
		{248F9022-46EB-4322-8C80-15ABF9C382CC}.Debug|x86.ActiveCfg = Debug|x86
		{248F9022-46EB-4322-8C80-15ABF9C382CC}.Debug|x86.Build.0 = Debug|x86
		{248F9022-46EB-4322-8C80-15ABF9C382CC}.Debug|x86.Deploy.0 = Debug|x86
		{248F9022-46EB-4322-8C80-15ABF9C382CC}.Release|ARM.ActiveCfg = Release|ARM
		{248F9022-46EB-4322-8C80-15ABF9C382CC}.Release|ARM.Build.0 = Release|ARM
		{248F9022-46EB-4322-8C80-15ABF9C382CC}.Release|ARM.Deploy.0 = Release|ARM
		{248F9022-46EB-4322-8C80-15ABF9C382CC}.Release|x64.ActiveCfg = Release|x64
		{248F9022-46EB-4322-8C80-15ABF9C382CC}.Release|x64.Build.0 = Release|x64
		{248F9022-46EB-4322-8C80-15ABF9C382CC}.Release|x64.Deploy.0 = Release|x64
		{248F9022-46EB-4322-8C80-15ABF9C382CC}.Release|x86.ActiveCfg = Release|x86
		{248F9022-46EB-4322-8C80-15ABF9C382CC}.Release|x86.Build.0 = Release|x86
		{248F9022-46EB-4322-8C80-15ABF9C382CC}.Release|x86.Deploy.0 = Release|x86
	EndGlobalSection
	GlobalSection(SolutionProperties) = preSolution
		HideSolutionNode = FALSE
	EndGlobalSection
EndGlobal
